{
  "name": "talisik-short-url",
  "lockfileVersion": 3,
  "requires": true,
  "packages": {
    "": {
      "dependencies": {
        "talisik-shortener": "^0.1.0"
      }
    },
    "node_modules/talisik-shortener": {
      "version": "0.1.1",
      "resolved": "https://registry.npmjs.org/talisik-shortener/-/talisik-shortener-0.1.1.tgz",
      "integrity": "sha512-ner2NlXGmp0hqz7NH/Nkmw5gb0/jaXij/PTdLFn2knVlwUlfi08cMmZJ3EZa91Q2kpD1fAI84v/jg1LzmQ9fkQ==",
      "license": "MIT",
      "engines": {
        "node": ">=14.0.0"
      }
    }
  }
}
