{
  "name": "talisik-short-url",
  "lockfileVersion": 3,
  "requires": true,
  "packages": {
    "": {
      "dependencies": {
        "talisik-shortener": "^0.1.0"
      }
    },
    "node_modules/talisik-shortener": {
      "version": "0.1.0",
      "resolved": "https://registry.npmjs.org/talisik-shortener/-/talisik-shortener-0.1.0.tgz",
      "integrity": "sha512-1xlY18DMTUm052dCOS35FE+6eTDIYhSa7ZWEl5/Zz9+Z1LQy+2rCvCKZHArtpsDEJz6jUJm1f/glHjbG7Mz0lQ==",
      "license": "MIT",
      "engines": {
        "node": ">=14.0.0"
      }
    }
  }
}
